{
  "requires": true,
  "lockfileVersion": 1,
  "dependencies": {
    "mysql-query-validator": {
      "version": "0.0.4",
      "resolved": "https://registry.npmjs.org/mysql-query-validator/-/mysql-query-validator-0.0.4.tgz",
      "integrity": "sha512-ayMklmTLK7T1/KB/y9fGyXgosoEyyjNLrzcSxGR/0IpA8B++owKPQfqYNdioh6btm2fkJzQxaKYheALB0qObtw==",
      "requires": {
        "shell-escape": "^0.2.0"
      }
    },
    "shell-escape": {
      "version": "0.2.0",
      "resolved": "https://registry.npmjs.org/shell-escape/-/shell-escape-0.2.0.tgz",
      "integrity": "sha1-aP0CXrBJC09WegJ/C/IkgLX4QTM="
    }
  }
}
